
Microsoft Visual Studio Solution File, Format Version 12.00
# Visual Studio Version 17
VisualStudioVersion = 17.0.31903.59
MinimumVisualStudioVersion = 10.0.40219.1
Project("{FAE04EC0-301F-11D3-BF4B-00C04F79EFBC}") = "Scheduling.Domain", "Scheduling.Domain\Scheduling.Domain.csproj", "{F2FF8BD0-CBAF-4E3D-8B7B-AEC63AE6C50D}"
EndProject
Project("{FAE04EC0-301F-11D3-BF4B-00C04F79EFBC}") = "Scheduling.Domain.Tests.Unit", "Scheduling.Domain.Tests.Unit\Scheduling.Domain.Tests.Unit.csproj", "{93C08993-D245-4247-91FC-A3AB45A5C98D}"
EndProject
Global
	GlobalSection(SolutionConfigurationPlatforms) = preSolution
		Debug|Any CPU = Debug|Any CPU
		Release|Any CPU = Release|Any CPU
	EndGlobalSection
	GlobalSection(ProjectConfigurationPlatforms) = postSolution
		{F2FF8BD0-CBAF-4E3D-8B7B-AEC63AE6C50D}.Debug|Any CPU.ActiveCfg = Debug|Any CPU
		{F2FF8BD0-CBAF-4E3D-8B7B-AEC63AE6C50D}.Debug|Any CPU.Build.0 = Debug|Any CPU
		{F2FF8BD0-CBAF-4E3D-8B7B-AEC63AE6C50D}.Release|Any CPU.ActiveCfg = Release|Any CPU
		{F2FF8BD0-CBAF-4E3D-8B7B-AEC63AE6C50D}.Release|Any CPU.Build.0 = Release|Any CPU
		{93C08993-D245-4247-91FC-A3AB45A5C98D}.Debug|Any CPU.ActiveCfg = Debug|Any CPU
		{93C08993-D245-4247-91FC-A3AB45A5C98D}.Debug|Any CPU.Build.0 = Debug|Any CPU
		{93C08993-D245-4247-91FC-A3AB45A5C98D}.Release|Any CPU.ActiveCfg = Release|Any CPU
		{93C08993-D245-4247-91FC-A3AB45A5C98D}.Release|Any CPU.Build.0 = Release|Any CPU
	EndGlobalSection
	GlobalSection(SolutionProperties) = preSolution
		HideSolutionNode = FALSE
	EndGlobalSection
	GlobalSection(ExtensibilityGlobals) = postSolution
		SolutionGuid = {EEB5276E-C070-4C52-802E-DCA5D32F2DFF}
	EndGlobalSection
EndGlobal
